// !$*UTF8*$!
{
	archiveVersion = 1;
	classes = {
	};
	objectVersion = 48;
	objects = {

/* Begin PBXBuildFile section */
		CC723FD51FB3A884002F8773 /* AppDelegate.swift in Sources */ = {isa = PBXBuildFile; fileRef = CC723FD41FB3A884002F8773 /* AppDelegate.swift */; };
		CC723FD71FB3A884002F8773 /* GoalsVC.swift in Sources */ = {isa = PBXBuildFile; fileRef = CC723FD61FB3A884002F8773 /* GoalsVC.swift */; };
		CC723FDA1FB3A884002F8773 /* Main.storyboard in Resources */ = {isa = PBXBuildFile; fileRef = CC723FD81FB3A884002F8773 /* Main.storyboard */; };
		CC723FDD1FB3A884002F8773 /* goalpost.xcdatamodeld in Sources */ = {isa = PBXBuildFile; fileRef = CC723FDB1FB3A884002F8773 /* goalpost.xcdatamodeld */; };
		CC723FDF1FB3A884002F8773 /* Assets.xcassets in Resources */ = {isa = PBXBuildFile; fileRef = CC723FDE1FB3A884002F8773 /* Assets.xcassets */; };
		CC723FE21FB3A884002F8773 /* LaunchScreen.storyboard in Resources */ = {isa = PBXBuildFile; fileRef = CC723FE01FB3A884002F8773 /* LaunchScreen.storyboard */; };
		CC723FEE1FB4E019002F8773 /* GoalCell.swift in Sources */ = {isa = PBXBuildFile; fileRef = CC723FED1FB4E019002F8773 /* GoalCell.swift */; };
/* End PBXBuildFile section */

/* Begin PBXFileReference section */
		CC723FD11FB3A884002F8773 /* goalpost.app */ = {isa = PBXFileReference; explicitFileType = wrapper.application; includeInIndex = 0; path = goalpost.app; sourceTree = BUILT_PRODUCTS_DIR; };
		CC723FD41FB3A884002F8773 /* AppDelegate.swift */ = {isa = PBXFileReference; lastKnownFileType = sourcecode.swift; path = AppDelegate.swift; sourceTree = "<group>"; };
		CC723FD61FB3A884002F8773 /* GoalsVC.swift */ = {isa = PBXFileReference; lastKnownFileType = sourcecode.swift; path = GoalsVC.swift; sourceTree = "<group>"; };
		CC723FD91FB3A884002F8773 /* Base */ = {isa = PBXFileReference; lastKnownFileType = file.storyboard; name = Base; path = Base.lproj/Main.storyboard; sourceTree = "<group>"; };
		CC723FDC1FB3A884002F8773 /* goalpost.xcdatamodel */ = {isa = PBXFileReference; lastKnownFileType = wrapper.xcdatamodel; path = goalpost.xcdatamodel; sourceTree = "<group>"; };
		CC723FDE1FB3A884002F8773 /* Assets.xcassets */ = {isa = PBXFileReference; lastKnownFileType = folder.assetcatalog; path = Assets.xcassets; sourceTree = "<group>"; };
		CC723FE11FB3A884002F8773 /* Base */ = {isa = PBXFileReference; lastKnownFileType = file.storyboard; name = Base; path = Base.lproj/LaunchScreen.storyboard; sourceTree = "<group>"; };
		CC723FE31FB3A884002F8773 /* Info.plist */ = {isa = PBXFileReference; lastKnownFileType = text.plist.xml; path = Info.plist; sourceTree = "<group>"; };
		CC723FED1FB4E019002F8773 /* GoalCell.swift */ = {isa = PBXFileReference; lastKnownFileType = sourcecode.swift; path = GoalCell.swift; sourceTree = "<group>"; };
/* End PBXFileReference section */

/* Begin PBXFrameworksBuildPhase section */
		CC723FCE1FB3A884002F8773 /* Frameworks */ = {
			isa = PBXFrameworksBuildPhase;
			buildActionMask = 2147483647;
			files = (
			);
			runOnlyForDeploymentPostprocessing = 0;
		};
/* End PBXFrameworksBuildPhase section */

/* Begin PBXGroup section */
		CC723FC81FB3A884002F8773 = {
			isa = PBXGroup;
			children = (
				CC723FD31FB3A884002F8773 /* goalpost */,
				CC723FD21FB3A884002F8773 /* Products */,
			);
			sourceTree = "<group>";
		};
		CC723FD21FB3A884002F8773 /* Products */ = {
			isa = PBXGroup;
			children = (
				CC723FD11FB3A884002F8773 /* goalpost.app */,
			);
			name = Products;
			sourceTree = "<group>";
		};
		CC723FD31FB3A884002F8773 /* goalpost */ = {
			isa = PBXGroup;
			children = (
				CC723FEC1FB3A90F002F8773 /* Extensions */,
				CC723FEB1FB3A909002F8773 /* Enums */,
				CC723FEA1FB3A8EF002F8773 /* View */,
				CC723FE91FB3A8DD002F8773 /* Controller */,
				CC723FD41FB3A884002F8773 /* AppDelegate.swift */,
				CC723FD81FB3A884002F8773 /* Main.storyboard */,
				CC723FDE1FB3A884002F8773 /* Assets.xcassets */,
				CC723FE01FB3A884002F8773 /* LaunchScreen.storyboard */,
				CC723FE31FB3A884002F8773 /* Info.plist */,
				CC723FDB1FB3A884002F8773 /* goalpost.xcdatamodeld */,
			);
			path = goalpost;
			sourceTree = "<group>";
		};
		CC723FE91FB3A8DD002F8773 /* Controller */ = {
			isa = PBXGroup;
			children = (
				CC723FD61FB3A884002F8773 /* GoalsVC.swift */,
			);
			path = Controller;
			sourceTree = "<group>";
		};
		CC723FEA1FB3A8EF002F8773 /* View */ = {
			isa = PBXGroup;
			children = (
				CC723FED1FB4E019002F8773 /* GoalCell.swift */,
			);
			path = View;
			sourceTree = "<group>";
		};
		CC723FEB1FB3A909002F8773 /* Enums */ = {
			isa = PBXGroup;
			children = (
			);
			path = Enums;
			sourceTree = "<group>";
		};
		CC723FEC1FB3A90F002F8773 /* Extensions */ = {
			isa = PBXGroup;
			children = (
			);
			path = Extensions;
			sourceTree = "<group>";
		};
/* End PBXGroup section */

/* Begin PBXNativeTarget section */
		CC723FD01FB3A884002F8773 /* goalpost */ = {
			isa = PBXNativeTarget;
			buildConfigurationList = CC723FE61FB3A884002F8773 /* Build configuration list for PBXNativeTarget "goalpost" */;
			buildPhases = (
				CC723FCD1FB3A884002F8773 /* Sources */,
				CC723FCE1FB3A884002F8773 /* Frameworks */,
				CC723FCF1FB3A884002F8773 /* Resources */,
			);
			buildRules = (
			);
			dependencies = (
			);
			name = goalpost;
			productName = goalpost;
			productReference = CC723FD11FB3A884002F8773 /* goalpost.app */;
			productType = "com.apple.product-type.application";
		};
/* End PBXNativeTarget section */

/* Begin PBXProject section */
		CC723FC91FB3A884002F8773 /* Project object */ = {
			isa = PBXProject;
			attributes = {
				LastSwiftUpdateCheck = 0910;
				LastUpgradeCheck = 0910;
				ORGANIZATIONNAME = "Adil Jiwani";
				TargetAttributes = {
					CC723FD01FB3A884002F8773 = {
						CreatedOnToolsVersion = 9.1;
						ProvisioningStyle = Automatic;
					};
				};
			};
			buildConfigurationList = CC723FCC1FB3A884002F8773 /* Build configuration list for PBXProject "goalpost" */;
			compatibilityVersion = "Xcode 8.0";
			developmentRegion = en;
			hasScannedForEncodings = 0;
			knownRegions = (
				en,
				Base,
			);
			mainGroup = CC723FC81FB3A884002F8773;
			productRefGroup = CC723FD21FB3A884002F8773 /* Products */;
			projectDirPath = "";
			projectRoot = "";
			targets = (
				CC723FD01FB3A884002F8773 /* goalpost */,
			);
		};
/* End PBXProject section */

/* Begin PBXResourcesBuildPhase section */
		CC723FCF1FB3A884002F8773 /* Resources */ = {
			isa = PBXResourcesBuildPhase;
			buildActionMask = 2147483647;
			files = (
				CC723FE21FB3A884002F8773 /* LaunchScreen.storyboard in Resources */,
				CC723FDF1FB3A884002F8773 /* Assets.xcassets in Resources */,
				CC723FDA1FB3A884002F8773 /* Main.storyboard in Resources */,
			);
			runOnlyForDeploymentPostprocessing = 0;
		};
/* End PBXResourcesBuildPhase section */

/* Begin PBXSourcesBuildPhase section */
		CC723FCD1FB3A884002F8773 /* Sources */ = {
			isa = PBXSourcesBuildPhase;
			buildActionMask = 2147483647;
			files = (
				CC723FEE1FB4E019002F8773 /* GoalCell.swift in Sources */,
				CC723FDD1FB3A884002F8773 /* goalpost.xcdatamodeld in Sources */,
				CC723FD71FB3A884002F8773 /* GoalsVC.swift in Sources */,
				CC723FD51FB3A884002F8773 /* AppDelegate.swift in Sources */,
			);
			runOnlyForDeploymentPostprocessing = 0;
		};
/* End PBXSourcesBuildPhase section */

/* Begin PBXVariantGroup section */
		CC723FD81FB3A884002F8773 /* Main.storyboard */ = {
			isa = PBXVariantGroup;
			children = (
				CC723FD91FB3A884002F8773 /* Base */,
			);
			name = Main.storyboard;
			sourceTree = "<group>";
		};
		CC723FE01FB3A884002F8773 /* LaunchScreen.storyboard */ = {
			isa = PBXVariantGroup;
			children = (
				CC723FE11FB3A884002F8773 /* Base */,
			);
			name = LaunchScreen.storyboard;
			sourceTree = "<group>";
		};
/* End PBXVariantGroup section */

/* Begin XCBuildConfiguration section */
		CC723FE41FB3A884002F8773 /* Debug */ = {
			isa = XCBuildConfiguration;
			buildSettings = {
				ALWAYS_SEARCH_USER_PATHS = NO;
				CLANG_ANALYZER_NONNULL = YES;
				CLANG_ANALYZER_NUMBER_OBJECT_CONVERSION = YES_AGGRESSIVE;
				CLANG_CXX_LANGUAGE_STANDARD = "gnu++14";
				CLANG_CXX_LIBRARY = "libc++";
				CLANG_ENABLE_MODULES = YES;
				CLANG_ENABLE_OBJC_ARC = YES;
				CLANG_WARN_BLOCK_CAPTURE_AUTORELEASING = YES;
				CLANG_WARN_BOOL_CONVERSION = YES;
				CLANG_WARN_COMMA = YES;
				CLANG_WARN_CONSTANT_CONVERSION = YES;
				CLANG_WARN_DIRECT_OBJC_ISA_USAGE = YES_ERROR;
				CLANG_WARN_DOCUMENTATION_COMMENTS = YES;
				CLANG_WARN_EMPTY_BODY = YES;
				CLANG_WARN_ENUM_CONVERSION = YES;
				CLANG_WARN_INFINITE_RECURSION = YES;
				CLANG_WARN_INT_CONVERSION = YES;
				CLANG_WARN_NON_LITERAL_NULL_CONVERSION = YES;
				CLANG_WARN_OBJC_LITERAL_CONVERSION = YES;
				CLANG_WARN_OBJC_ROOT_CLASS = YES_ERROR;
				CLANG_WARN_RANGE_LOOP_ANALYSIS = YES;
				CLANG_WARN_STRICT_PROTOTYPES = YES;
				CLANG_WARN_SUSPICIOUS_MOVE = YES;
				CLANG_WARN_UNGUARDED_AVAILABILITY = YES_AGGRESSIVE;
				CLANG_WARN_UNREACHABLE_CODE = YES;
				CLANG_WARN__DUPLICATE_METHOD_MATCH = YES;
				CODE_SIGN_IDENTITY = "iPhone Developer";
				COPY_PHASE_STRIP = NO;
				DEBUG_INFORMATION_FORMAT = dwarf;
				ENABLE_STRICT_OBJC_MSGSEND = YES;
				ENABLE_TESTABILITY = YES;
				GCC_C_LANGUAGE_STANDARD = gnu11;
				GCC_DYNAMIC_NO_PIC = NO;
				GCC_NO_COMMON_BLOCKS = YES;
				GCC_OPTIMIZATION_LEVEL = 0;
				GCC_PREPROCESSOR_DEFINITIONS = (
					"DEBUG=1",
					"$(inherited)",
				);
				GCC_WARN_64_TO_32_BIT_CONVERSION = YES;
				GCC_WARN_ABOUT_RETURN_TYPE = YES_ERROR;
				GCC_WARN_UNDECLARED_SELECTOR = YES;
				GCC_WARN_UNINITIALIZED_AUTOS = YES_AGGRESSIVE;
				GCC_WARN_UNUSED_FUNCTION = YES;
				GCC_WARN_UNUSED_VARIABLE = YES;
				IPHONEOS_DEPLOYMENT_TARGET = 11.1;
				MTL_ENABLE_DEBUG_INFO = YES;
				ONLY_ACTIVE_ARCH = YES;
				SDKROOT = iphoneos;
				SWIFT_ACTIVE_COMPILATION_CONDITIONS = DEBUG;
				SWIFT_OPTIMIZATION_LEVEL = "-Onone";
			};
			name = Debug;
		};
		CC723FE51FB3A884002F8773 /* Release */ = {
			isa = XCBuildConfiguration;
			buildSettings = {
				ALWAYS_SEARCH_USER_PATHS = NO;
				CLANG_ANALYZER_NONNULL = YES;
				CLANG_ANALYZER_NUMBER_OBJECT_CONVERSION = YES_AGGRESSIVE;
				CLANG_CXX_LANGUAGE_STANDARD = "gnu++14";
				CLANG_CXX_LIBRARY = "libc++";
				CLANG_ENABLE_MODULES = YES;
				CLANG_ENABLE_OBJC_ARC = YES;
				CLANG_WARN_BLOCK_CAPTURE_AUTORELEASING = YES;
				CLANG_WARN_BOOL_CONVERSION = YES;
				CLANG_WARN_COMMA = YES;
				CLANG_WARN_CONSTANT_CONVERSION = YES;
				CLANG_WARN_DIRECT_OBJC_ISA_USAGE = YES_ERROR;
				CLANG_WARN_DOCUMENTATION_COMMENTS = YES;
				CLANG_WARN_EMPTY_BODY = YES;
				CLANG_WARN_ENUM_CONVERSION = YES;
				CLANG_WARN_INFINITE_RECURSION = YES;
				CLANG_WARN_INT_CONVERSION = YES;
				CLANG_WARN_NON_LITERAL_NULL_CONVERSION = YES;
				CLANG_WARN_OBJC_LITERAL_CONVERSION = YES;
				CLANG_WARN_OBJC_ROOT_CLASS = YES_ERROR;
				CLANG_WARN_RANGE_LOOP_ANALYSIS = YES;
				CLANG_WARN_STRICT_PROTOTYPES = YES;
				CLANG_WARN_SUSPICIOUS_MOVE = YES;
				CLANG_WARN_UNGUARDED_AVAILABILITY = YES_AGGRESSIVE;
				CLANG_WARN_UNREACHABLE_CODE = YES;
				CLANG_WARN__DUPLICATE_METHOD_MATCH = YES;
				CODE_SIGN_IDENTITY = "iPhone Developer";
				COPY_PHASE_STRIP = NO;
				DEBUG_INFORMATION_FORMAT = "dwarf-with-dsym";
				ENABLE_NS_ASSERTIONS = NO;
				ENABLE_STRICT_OBJC_MSGSEND = YES;
				GCC_C_LANGUAGE_STANDARD = gnu11;
				GCC_NO_COMMON_BLOCKS = YES;
				GCC_WARN_64_TO_32_BIT_CONVERSION = YES;
				GCC_WARN_ABOUT_RETURN_TYPE = YES_ERROR;
				GCC_WARN_UNDECLARED_SELECTOR = YES;
				GCC_WARN_UNINITIALIZED_AUTOS = YES_AGGRESSIVE;
				GCC_WARN_UNUSED_FUNCTION = YES;
				GCC_WARN_UNUSED_VARIABLE = YES;
				IPHONEOS_DEPLOYMENT_TARGET = 11.1;
				MTL_ENABLE_DEBUG_INFO = NO;
				SDKROOT = iphoneos;
				SWIFT_OPTIMIZATION_LEVEL = "-Owholemodule";
				VALIDATE_PRODUCT = YES;
			};
			name = Release;
		};
		CC723FE71FB3A884002F8773 /* Debug */ = {
			isa = XCBuildConfiguration;
			buildSettings = {
				ASSETCATALOG_COMPILER_APPICON_NAME = AppIcon;
				CODE_SIGN_STYLE = Automatic;
				INFOPLIST_FILE = goalpost/Info.plist;
				LD_RUNPATH_SEARCH_PATHS = "$(inherited) @executable_path/Frameworks";
				PRODUCT_BUNDLE_IDENTIFIER = AJ.goalpost;
				PRODUCT_NAME = "$(TARGET_NAME)";
				SWIFT_VERSION = 4.0;
				TARGETED_DEVICE_FAMILY = "1,2";
			};
			name = Debug;
		};
		CC723FE81FB3A884002F8773 /* Release */ = {
			isa = XCBuildConfiguration;
			buildSettings = {
				ASSETCATALOG_COMPILER_APPICON_NAME = AppIcon;
				CODE_SIGN_STYLE = Automatic;
				INFOPLIST_FILE = goalpost/Info.plist;
				LD_RUNPATH_SEARCH_PATHS = "$(inherited) @executable_path/Frameworks";
				PRODUCT_BUNDLE_IDENTIFIER = AJ.goalpost;
				PRODUCT_NAME = "$(TARGET_NAME)";
				SWIFT_VERSION = 4.0;
				TARGETED_DEVICE_FAMILY = "1,2";
			};
			name = Release;
		};
/* End XCBuildConfiguration section */

/* Begin XCConfigurationList section */
		CC723FCC1FB3A884002F8773 /* Build configuration list for PBXProject "goalpost" */ = {
			isa = XCConfigurationList;
			buildConfigurations = (
				CC723FE41FB3A884002F8773 /* Debug */,
				CC723FE51FB3A884002F8773 /* Release */,
			);
			defaultConfigurationIsVisible = 0;
			defaultConfigurationName = Release;
		};
		CC723FE61FB3A884002F8773 /* Build configuration list for PBXNativeTarget "goalpost" */ = {
			isa = XCConfigurationList;
			buildConfigurations = (
				CC723FE71FB3A884002F8773 /* Debug */,
				CC723FE81FB3A884002F8773 /* Release */,
			);
			defaultConfigurationIsVisible = 0;
			defaultConfigurationName = Release;
		};
/* End XCConfigurationList section */

/* Begin XCVersionGroup section */
		CC723FDB1FB3A884002F8773 /* goalpost.xcdatamodeld */ = {
			isa = XCVersionGroup;
			children = (
				CC723FDC1FB3A884002F8773 /* goalpost.xcdatamodel */,
			);
			currentVersion = CC723FDC1FB3A884002F8773 /* goalpost.xcdatamodel */;
			path = goalpost.xcdatamodeld;
			sourceTree = "<group>";
			versionGroupType = wrapper.xcdatamodel;
		};
/* End XCVersionGroup section */
	};
	rootObject = CC723FC91FB3A884002F8773 /* Project object */;
}
